
Microsoft Visual Studio Solution File, Format Version 12.00
# Visual Studio Version 16
VisualStudioVersion = 16.0.30503.244
MinimumVisualStudioVersion = 10.0.40219.1
Project("{9A19103F-16F7-4668-BE54-9A1E7A4F7556}") = "MathFunc", "MathFunc.csproj", "{7E1524CE-836B-4B3A-AEFC-C369F05A03B0}"
EndProject
Project("{9A19103F-16F7-4668-BE54-9A1E7A4F7556}") = "ConsoleApp1", "ConsoleApp1\ConsoleApp1.csproj", "{2335DB1E-7170-4C12-8C93-E5747874E825}"
EndProject
Project("{9A19103F-16F7-4668-BE54-9A1E7A4F7556}") = "Tests", "Tests\Tests.csproj", "{8D5BB584-F5F1-4EA5-9EEA-AA8D5AD36416}"
EndProject
Global
	GlobalSection(SolutionConfigurationPlatforms) = preSolution
		Debug|Any CPU = Debug|Any CPU
		Release|Any CPU = Release|Any CPU
	EndGlobalSection
	GlobalSection(ProjectConfigurationPlatforms) = postSolution
		{7E1524CE-836B-4B3A-AEFC-C369F05A03B0}.Debug|Any CPU.ActiveCfg = Debug|Any CPU
		{7E1524CE-836B-4B3A-AEFC-C369F05A03B0}.Debug|Any CPU.Build.0 = Debug|Any CPU
		{7E1524CE-836B-4B3A-AEFC-C369F05A03B0}.Release|Any CPU.ActiveCfg = Release|Any CPU
		{7E1524CE-836B-4B3A-AEFC-C369F05A03B0}.Release|Any CPU.Build.0 = Release|Any CPU
		{2335DB1E-7170-4C12-8C93-E5747874E825}.Debug|Any CPU.ActiveCfg = Debug|Any CPU
		{2335DB1E-7170-4C12-8C93-E5747874E825}.Debug|Any CPU.Build.0 = Debug|Any CPU
		{2335DB1E-7170-4C12-8C93-E5747874E825}.Release|Any CPU.ActiveCfg = Release|Any CPU
		{2335DB1E-7170-4C12-8C93-E5747874E825}.Release|Any CPU.Build.0 = Release|Any CPU
		{8D5BB584-F5F1-4EA5-9EEA-AA8D5AD36416}.Debug|Any CPU.ActiveCfg = Debug|Any CPU
		{8D5BB584-F5F1-4EA5-9EEA-AA8D5AD36416}.Debug|Any CPU.Build.0 = Debug|Any CPU
		{8D5BB584-F5F1-4EA5-9EEA-AA8D5AD36416}.Release|Any CPU.ActiveCfg = Release|Any CPU
		{8D5BB584-F5F1-4EA5-9EEA-AA8D5AD36416}.Release|Any CPU.Build.0 = Release|Any CPU
	EndGlobalSection
	GlobalSection(SolutionProperties) = preSolution
		HideSolutionNode = FALSE
	EndGlobalSection
	GlobalSection(ExtensibilityGlobals) = postSolution
		SolutionGuid = {AC3DEE87-9733-4862-B807-1EBCA6FAB2F6}
	EndGlobalSection
EndGlobal
